// !$*UTF8*$!
{
	archiveVersion = 1;
	classes = {
	};
	objectVersion = 55;
	objects = {

/* Begin PBXBuildFile section */
		0D44440A28063EA10025FC16 /* PagerView.swift in Sources */ = {isa = PBXBuildFile; fileRef = 0D44440928063EA10025FC16 /* PagerView.swift */; };
		0D44440C2807066D0025FC16 /* CardView.swift in Sources */ = {isa = PBXBuildFile; fileRef = 0D44440B2807066D0025FC16 /* CardView.swift */; };
		0D58F92D2807DEE1007BC2F3 /* TransactionListView.swift in Sources */ = {isa = PBXBuildFile; fileRef = 0D58F92C2807DEE1007BC2F3 /* TransactionListView.swift */; };
		0D691E6C280A5E7C008BA35C /* MakingLines.swift in Sources */ = {isa = PBXBuildFile; fileRef = 0D691E6B280A5E7C008BA35C /* MakingLines.swift */; };
		0D691E6E280AA314008BA35C /* GeometryReader.swift in Sources */ = {isa = PBXBuildFile; fileRef = 0D691E6D280AA314008BA35C /* GeometryReader.swift */; };
		0D6D4DD92809345F00A3BE80 /* CardInfoView.swift in Sources */ = {isa = PBXBuildFile; fileRef = 0D6D4DD82809345F00A3BE80 /* CardInfoView.swift */; };
		0D6D4DDB28093ADF00A3BE80 /* VM.swift in Sources */ = {isa = PBXBuildFile; fileRef = 0D6D4DDA28093ADF00A3BE80 /* VM.swift */; };
		0D6D4DDD28094D8E00A3BE80 /* VM2.swift in Sources */ = {isa = PBXBuildFile; fileRef = 0D6D4DDC28094D8E00A3BE80 /* VM2.swift */; };
		0D6D4DE1280A474700A3BE80 /* BindingPractice.swift in Sources */ = {isa = PBXBuildFile; fileRef = 0D6D4DE0280A474700A3BE80 /* BindingPractice.swift */; };
		0DBB91D1280718E8000AF2A1 /* MenuHeaderView.swift in Sources */ = {isa = PBXBuildFile; fileRef = 0DBB91D0280718E8000AF2A1 /* MenuHeaderView.swift */; };
		0DBB91D328071E90000AF2A1 /* CardManager.swift in Sources */ = {isa = PBXBuildFile; fileRef = 0DBB91D228071E90000AF2A1 /* CardManager.swift */; };
		0DC20D1B280B964900FFF474 /* Animationz.swift in Sources */ = {isa = PBXBuildFile; fileRef = 0DC20D1A280B964900FFF474 /* Animationz.swift */; };
		0DC20D1D280BB62200FFF474 /* AnimationTiminggg.swift in Sources */ = {isa = PBXBuildFile; fileRef = 0DC20D1C280BB62200FFF474 /* AnimationTiminggg.swift */; };
		0DC20D1F280BDA1000FFF474 /* Transitionzzz.swift in Sources */ = {isa = PBXBuildFile; fileRef = 0DC20D1E280BDA1000FFF474 /* Transitionzzz.swift */; };
		0DC20D21280C073D00FFF474 /* Navigationzzz.swift in Sources */ = {isa = PBXBuildFile; fileRef = 0DC20D20280C073D00FFF474 /* Navigationzzz.swift */; };
		0DC20D23280D242B00FFF474 /* ExpenseGraphView.swift in Sources */ = {isa = PBXBuildFile; fileRef = 0DC20D22280D242B00FFF474 /* ExpenseGraphView.swift */; };
		0DC405D42804EC9D009F2F48 /* BankingApp.swift in Sources */ = {isa = PBXBuildFile; fileRef = 0DC405D32804EC9D009F2F48 /* BankingApp.swift */; };
		0DC405D62804EC9D009F2F48 /* ContentView.swift in Sources */ = {isa = PBXBuildFile; fileRef = 0DC405D52804EC9D009F2F48 /* ContentView.swift */; };
		0DC405D82804EC9F009F2F48 /* Assets.xcassets in Resources */ = {isa = PBXBuildFile; fileRef = 0DC405D72804EC9F009F2F48 /* Assets.xcassets */; };
		0DC405DB2804EC9F009F2F48 /* Preview Assets.xcassets in Resources */ = {isa = PBXBuildFile; fileRef = 0DC405DA2804EC9F009F2F48 /* Preview Assets.xcassets */; };
		0DC405E22804ECFA009F2F48 /* ColorConstants.swift in Sources */ = {isa = PBXBuildFile; fileRef = 0DC405E12804ECFA009F2F48 /* ColorConstants.swift */; };
		0DC405E42804EE83009F2F48 /* Models.swift in Sources */ = {isa = PBXBuildFile; fileRef = 0DC405E32804EE83009F2F48 /* Models.swift */; };
		0DC405E62804F290009F2F48 /* Notes.swift in Sources */ = {isa = PBXBuildFile; fileRef = 0DC405E52804F290009F2F48 /* Notes.swift */; };
		0DC405E82804F95B009F2F48 /* Data.swift in Sources */ = {isa = PBXBuildFile; fileRef = 0DC405E72804F95B009F2F48 /* Data.swift */; };
/* End PBXBuildFile section */

/* Begin PBXFileReference section */
		0D44440928063EA10025FC16 /* PagerView.swift */ = {isa = PBXFileReference; lastKnownFileType = sourcecode.swift; path = PagerView.swift; sourceTree = "<group>"; };
		0D44440B2807066D0025FC16 /* CardView.swift */ = {isa = PBXFileReference; lastKnownFileType = sourcecode.swift; path = CardView.swift; sourceTree = "<group>"; };
		0D58F92C2807DEE1007BC2F3 /* TransactionListView.swift */ = {isa = PBXFileReference; lastKnownFileType = sourcecode.swift; path = TransactionListView.swift; sourceTree = "<group>"; };
		0D691E6B280A5E7C008BA35C /* MakingLines.swift */ = {isa = PBXFileReference; lastKnownFileType = sourcecode.swift; path = MakingLines.swift; sourceTree = "<group>"; };
		0D691E6D280AA314008BA35C /* GeometryReader.swift */ = {isa = PBXFileReference; lastKnownFileType = sourcecode.swift; path = GeometryReader.swift; sourceTree = "<group>"; };
		0D6D4DD82809345F00A3BE80 /* CardInfoView.swift */ = {isa = PBXFileReference; lastKnownFileType = sourcecode.swift; path = CardInfoView.swift; sourceTree = "<group>"; };
		0D6D4DDA28093ADF00A3BE80 /* VM.swift */ = {isa = PBXFileReference; lastKnownFileType = sourcecode.swift; path = VM.swift; sourceTree = "<group>"; };
		0D6D4DDC28094D8E00A3BE80 /* VM2.swift */ = {isa = PBXFileReference; lastKnownFileType = sourcecode.swift; path = VM2.swift; sourceTree = "<group>"; };
		0D6D4DE0280A474700A3BE80 /* BindingPractice.swift */ = {isa = PBXFileReference; lastKnownFileType = sourcecode.swift; path = BindingPractice.swift; sourceTree = "<group>"; };
		0DBB91D0280718E8000AF2A1 /* MenuHeaderView.swift */ = {isa = PBXFileReference; lastKnownFileType = sourcecode.swift; path = MenuHeaderView.swift; sourceTree = "<group>"; };
		0DBB91D228071E90000AF2A1 /* CardManager.swift */ = {isa = PBXFileReference; lastKnownFileType = sourcecode.swift; path = CardManager.swift; sourceTree = "<group>"; };
		0DC20D1A280B964900FFF474 /* Animationz.swift */ = {isa = PBXFileReference; lastKnownFileType = sourcecode.swift; path = Animationz.swift; sourceTree = "<group>"; };
		0DC20D1C280BB62200FFF474 /* AnimationTiminggg.swift */ = {isa = PBXFileReference; lastKnownFileType = sourcecode.swift; path = AnimationTiminggg.swift; sourceTree = "<group>"; };
		0DC20D1E280BDA1000FFF474 /* Transitionzzz.swift */ = {isa = PBXFileReference; lastKnownFileType = sourcecode.swift; path = Transitionzzz.swift; sourceTree = "<group>"; };
		0DC20D20280C073D00FFF474 /* Navigationzzz.swift */ = {isa = PBXFileReference; lastKnownFileType = sourcecode.swift; path = Navigationzzz.swift; sourceTree = "<group>"; };
		0DC20D22280D242B00FFF474 /* ExpenseGraphView.swift */ = {isa = PBXFileReference; lastKnownFileType = sourcecode.swift; path = ExpenseGraphView.swift; sourceTree = "<group>"; };
		0DC405D02804EC9D009F2F48 /* Banking.app */ = {isa = PBXFileReference; explicitFileType = wrapper.application; includeInIndex = 0; path = Banking.app; sourceTree = BUILT_PRODUCTS_DIR; };
		0DC405D32804EC9D009F2F48 /* BankingApp.swift */ = {isa = PBXFileReference; lastKnownFileType = sourcecode.swift; path = BankingApp.swift; sourceTree = "<group>"; };
		0DC405D52804EC9D009F2F48 /* ContentView.swift */ = {isa = PBXFileReference; lastKnownFileType = sourcecode.swift; path = ContentView.swift; sourceTree = "<group>"; };
		0DC405D72804EC9F009F2F48 /* Assets.xcassets */ = {isa = PBXFileReference; lastKnownFileType = folder.assetcatalog; path = Assets.xcassets; sourceTree = "<group>"; };
		0DC405DA2804EC9F009F2F48 /* Preview Assets.xcassets */ = {isa = PBXFileReference; lastKnownFileType = folder.assetcatalog; path = "Preview Assets.xcassets"; sourceTree = "<group>"; };
		0DC405E12804ECFA009F2F48 /* ColorConstants.swift */ = {isa = PBXFileReference; lastKnownFileType = sourcecode.swift; path = ColorConstants.swift; sourceTree = "<group>"; };
		0DC405E32804EE83009F2F48 /* Models.swift */ = {isa = PBXFileReference; lastKnownFileType = sourcecode.swift; path = Models.swift; sourceTree = "<group>"; };
		0DC405E52804F290009F2F48 /* Notes.swift */ = {isa = PBXFileReference; lastKnownFileType = sourcecode.swift; path = Notes.swift; sourceTree = "<group>"; };
		0DC405E72804F95B009F2F48 /* Data.swift */ = {isa = PBXFileReference; lastKnownFileType = sourcecode.swift; path = Data.swift; sourceTree = "<group>"; };
/* End PBXFileReference section */

/* Begin PBXFrameworksBuildPhase section */
		0DC405CD2804EC9D009F2F48 /* Frameworks */ = {
			isa = PBXFrameworksBuildPhase;
			buildActionMask = 2147483647;
			files = (
			);
			runOnlyForDeploymentPostprocessing = 0;
		};
/* End PBXFrameworksBuildPhase section */

/* Begin PBXGroup section */
		0DC405C72804EC9D009F2F48 = {
			isa = PBXGroup;
			children = (
				0DC405D22804EC9D009F2F48 /* Banking */,
				0DC405D12804EC9D009F2F48 /* Products */,
			);
			sourceTree = "<group>";
		};
		0DC405D12804EC9D009F2F48 /* Products */ = {
			isa = PBXGroup;
			children = (
				0DC405D02804EC9D009F2F48 /* Banking.app */,
			);
			name = Products;
			sourceTree = "<group>";
		};
		0DC405D22804EC9D009F2F48 /* Banking */ = {
			isa = PBXGroup;
			children = (
				0DC405D32804EC9D009F2F48 /* BankingApp.swift */,
				0D6D4DD82809345F00A3BE80 /* CardInfoView.swift */,
				0DC405D52804EC9D009F2F48 /* ContentView.swift */,
				0DBB91D228071E90000AF2A1 /* CardManager.swift */,
				0DBB91D0280718E8000AF2A1 /* MenuHeaderView.swift */,
				0DC20D22280D242B00FFF474 /* ExpenseGraphView.swift */,
				0D44440B2807066D0025FC16 /* CardView.swift */,
				0D58F92C2807DEE1007BC2F3 /* TransactionListView.swift */,
				0D44440928063EA10025FC16 /* PagerView.swift */,
				0DC405E32804EE83009F2F48 /* Models.swift */,
				0DC405E72804F95B009F2F48 /* Data.swift */,
				0DC405E12804ECFA009F2F48 /* ColorConstants.swift */,
				0DC405D72804EC9F009F2F48 /* Assets.xcassets */,
				0DC405D92804EC9F009F2F48 /* Preview Content */,
				0DC405E52804F290009F2F48 /* Notes.swift */,
				0D6D4DDA28093ADF00A3BE80 /* VM.swift */,
				0D6D4DDC28094D8E00A3BE80 /* VM2.swift */,
				0D6D4DE0280A474700A3BE80 /* BindingPractice.swift */,
				0D691E6B280A5E7C008BA35C /* MakingLines.swift */,
				0D691E6D280AA314008BA35C /* GeometryReader.swift */,
				0DC20D1A280B964900FFF474 /* Animationz.swift */,
				0DC20D1C280BB62200FFF474 /* AnimationTiminggg.swift */,
				0DC20D1E280BDA1000FFF474 /* Transitionzzz.swift */,
				0DC20D20280C073D00FFF474 /* Navigationzzz.swift */,
			);
			path = Banking;
			sourceTree = "<group>";
		};
		0DC405D92804EC9F009F2F48 /* Preview Content */ = {
			isa = PBXGroup;
			children = (
				0DC405DA2804EC9F009F2F48 /* Preview Assets.xcassets */,
			);
			path = "Preview Content";
			sourceTree = "<group>";
		};
/* End PBXGroup section */

/* Begin PBXNativeTarget section */
		0DC405CF2804EC9D009F2F48 /* Banking */ = {
			isa = PBXNativeTarget;
			buildConfigurationList = 0DC405DE2804EC9F009F2F48 /* Build configuration list for PBXNativeTarget "Banking" */;
			buildPhases = (
				0DC405CC2804EC9D009F2F48 /* Sources */,
				0DC405CD2804EC9D009F2F48 /* Frameworks */,
				0DC405CE2804EC9D009F2F48 /* Resources */,
			);
			buildRules = (
			);
			dependencies = (
			);
			name = Banking;
			productName = Banking;
			productReference = 0DC405D02804EC9D009F2F48 /* Banking.app */;
			productType = "com.apple.product-type.application";
		};
/* End PBXNativeTarget section */

/* Begin PBXProject section */
		0DC405C82804EC9D009F2F48 /* Project object */ = {
			isa = PBXProject;
			attributes = {
				BuildIndependentTargetsInParallel = 1;
				LastSwiftUpdateCheck = 1320;
				LastUpgradeCheck = 1320;
				TargetAttributes = {
					0DC405CF2804EC9D009F2F48 = {
						CreatedOnToolsVersion = 13.2.1;
					};
				};
			};
			buildConfigurationList = 0DC405CB2804EC9D009F2F48 /* Build configuration list for PBXProject "Banking" */;
			compatibilityVersion = "Xcode 13.0";
			developmentRegion = en;
			hasScannedForEncodings = 0;
			knownRegions = (
				en,
				Base,
			);
			mainGroup = 0DC405C72804EC9D009F2F48;
			productRefGroup = 0DC405D12804EC9D009F2F48 /* Products */;
			projectDirPath = "";
			projectRoot = "";
			targets = (
				0DC405CF2804EC9D009F2F48 /* Banking */,
			);
		};
/* End PBXProject section */

/* Begin PBXResourcesBuildPhase section */
		0DC405CE2804EC9D009F2F48 /* Resources */ = {
			isa = PBXResourcesBuildPhase;
			buildActionMask = 2147483647;
			files = (
				0DC405DB2804EC9F009F2F48 /* Preview Assets.xcassets in Resources */,
				0DC405D82804EC9F009F2F48 /* Assets.xcassets in Resources */,
			);
			runOnlyForDeploymentPostprocessing = 0;
		};
/* End PBXResourcesBuildPhase section */

/* Begin PBXSourcesBuildPhase section */
		0DC405CC2804EC9D009F2F48 /* Sources */ = {
			isa = PBXSourcesBuildPhase;
			buildActionMask = 2147483647;
			files = (
				0D691E6E280AA314008BA35C /* GeometryReader.swift in Sources */,
				0D44440A28063EA10025FC16 /* PagerView.swift in Sources */,
				0DC405E22804ECFA009F2F48 /* ColorConstants.swift in Sources */,
				0D6D4DDB28093ADF00A3BE80 /* VM.swift in Sources */,
				0DC20D1D280BB62200FFF474 /* AnimationTiminggg.swift in Sources */,
				0D6D4DD92809345F00A3BE80 /* CardInfoView.swift in Sources */,
				0DC20D1B280B964900FFF474 /* Animationz.swift in Sources */,
				0DC405E82804F95B009F2F48 /* Data.swift in Sources */,
				0DBB91D328071E90000AF2A1 /* CardManager.swift in Sources */,
				0D6D4DE1280A474700A3BE80 /* BindingPractice.swift in Sources */,
				0DC20D23280D242B00FFF474 /* ExpenseGraphView.swift in Sources */,
				0DC405E62804F290009F2F48 /* Notes.swift in Sources */,
				0DC405D62804EC9D009F2F48 /* ContentView.swift in Sources */,
				0DC20D21280C073D00FFF474 /* Navigationzzz.swift in Sources */,
				0DC405D42804EC9D009F2F48 /* BankingApp.swift in Sources */,
				0D44440C2807066D0025FC16 /* CardView.swift in Sources */,
				0D58F92D2807DEE1007BC2F3 /* TransactionListView.swift in Sources */,
				0D6D4DDD28094D8E00A3BE80 /* VM2.swift in Sources */,
				0DC405E42804EE83009F2F48 /* Models.swift in Sources */,
				0D691E6C280A5E7C008BA35C /* MakingLines.swift in Sources */,
				0DBB91D1280718E8000AF2A1 /* MenuHeaderView.swift in Sources */,
				0DC20D1F280BDA1000FFF474 /* Transitionzzz.swift in Sources */,
			);
			runOnlyForDeploymentPostprocessing = 0;
		};
/* End PBXSourcesBuildPhase section */

/* Begin XCBuildConfiguration section */
		0DC405DC2804EC9F009F2F48 /* Debug */ = {
			isa = XCBuildConfiguration;
			buildSettings = {
				ALWAYS_SEARCH_USER_PATHS = NO;
				CLANG_ANALYZER_NONNULL = YES;
				CLANG_ANALYZER_NUMBER_OBJECT_CONVERSION = YES_AGGRESSIVE;
				CLANG_CXX_LANGUAGE_STANDARD = "gnu++17";
				CLANG_CXX_LIBRARY = "libc++";
				CLANG_ENABLE_MODULES = YES;
				CLANG_ENABLE_OBJC_ARC = YES;
				CLANG_ENABLE_OBJC_WEAK = YES;
				CLANG_WARN_BLOCK_CAPTURE_AUTORELEASING = YES;
				CLANG_WARN_BOOL_CONVERSION = YES;
				CLANG_WARN_COMMA = YES;
				CLANG_WARN_CONSTANT_CONVERSION = YES;
				CLANG_WARN_DEPRECATED_OBJC_IMPLEMENTATIONS = YES;
				CLANG_WARN_DIRECT_OBJC_ISA_USAGE = YES_ERROR;
				CLANG_WARN_DOCUMENTATION_COMMENTS = YES;
				CLANG_WARN_EMPTY_BODY = YES;
				CLANG_WARN_ENUM_CONVERSION = YES;
				CLANG_WARN_INFINITE_RECURSION = YES;
				CLANG_WARN_INT_CONVERSION = YES;
				CLANG_WARN_NON_LITERAL_NULL_CONVERSION = YES;
				CLANG_WARN_OBJC_IMPLICIT_RETAIN_SELF = YES;
				CLANG_WARN_OBJC_LITERAL_CONVERSION = YES;
				CLANG_WARN_OBJC_ROOT_CLASS = YES_ERROR;
				CLANG_WARN_QUOTED_INCLUDE_IN_FRAMEWORK_HEADER = YES;
				CLANG_WARN_RANGE_LOOP_ANALYSIS = YES;
				CLANG_WARN_STRICT_PROTOTYPES = YES;
				CLANG_WARN_SUSPICIOUS_MOVE = YES;
				CLANG_WARN_UNGUARDED_AVAILABILITY = YES_AGGRESSIVE;
				CLANG_WARN_UNREACHABLE_CODE = YES;
				CLANG_WARN__DUPLICATE_METHOD_MATCH = YES;
				COPY_PHASE_STRIP = NO;
				DEBUG_INFORMATION_FORMAT = dwarf;
				ENABLE_STRICT_OBJC_MSGSEND = YES;
				ENABLE_TESTABILITY = YES;
				GCC_C_LANGUAGE_STANDARD = gnu11;
				GCC_DYNAMIC_NO_PIC = NO;
				GCC_NO_COMMON_BLOCKS = YES;
				GCC_OPTIMIZATION_LEVEL = 0;
				GCC_PREPROCESSOR_DEFINITIONS = (
					"DEBUG=1",
					"$(inherited)",
				);
				GCC_WARN_64_TO_32_BIT_CONVERSION = YES;
				GCC_WARN_ABOUT_RETURN_TYPE = YES_ERROR;
				GCC_WARN_UNDECLARED_SELECTOR = YES;
				GCC_WARN_UNINITIALIZED_AUTOS = YES_AGGRESSIVE;
				GCC_WARN_UNUSED_FUNCTION = YES;
				GCC_WARN_UNUSED_VARIABLE = YES;
				IPHONEOS_DEPLOYMENT_TARGET = 15.2;
				MTL_ENABLE_DEBUG_INFO = INCLUDE_SOURCE;
				MTL_FAST_MATH = YES;
				ONLY_ACTIVE_ARCH = YES;
				SDKROOT = iphoneos;
				SWIFT_ACTIVE_COMPILATION_CONDITIONS = DEBUG;
				SWIFT_OPTIMIZATION_LEVEL = "-Onone";
			};
			name = Debug;
		};
		0DC405DD2804EC9F009F2F48 /* Release */ = {
			isa = XCBuildConfiguration;
			buildSettings = {
				ALWAYS_SEARCH_USER_PATHS = NO;
				CLANG_ANALYZER_NONNULL = YES;
				CLANG_ANALYZER_NUMBER_OBJECT_CONVERSION = YES_AGGRESSIVE;
				CLANG_CXX_LANGUAGE_STANDARD = "gnu++17";
				CLANG_CXX_LIBRARY = "libc++";
				CLANG_ENABLE_MODULES = YES;
				CLANG_ENABLE_OBJC_ARC = YES;
				CLANG_ENABLE_OBJC_WEAK = YES;
				CLANG_WARN_BLOCK_CAPTURE_AUTORELEASING = YES;
				CLANG_WARN_BOOL_CONVERSION = YES;
				CLANG_WARN_COMMA = YES;
				CLANG_WARN_CONSTANT_CONVERSION = YES;
				CLANG_WARN_DEPRECATED_OBJC_IMPLEMENTATIONS = YES;
				CLANG_WARN_DIRECT_OBJC_ISA_USAGE = YES_ERROR;
				CLANG_WARN_DOCUMENTATION_COMMENTS = YES;
				CLANG_WARN_EMPTY_BODY = YES;
				CLANG_WARN_ENUM_CONVERSION = YES;
				CLANG_WARN_INFINITE_RECURSION = YES;
				CLANG_WARN_INT_CONVERSION = YES;
				CLANG_WARN_NON_LITERAL_NULL_CONVERSION = YES;
				CLANG_WARN_OBJC_IMPLICIT_RETAIN_SELF = YES;
				CLANG_WARN_OBJC_LITERAL_CONVERSION = YES;
				CLANG_WARN_OBJC_ROOT_CLASS = YES_ERROR;
				CLANG_WARN_QUOTED_INCLUDE_IN_FRAMEWORK_HEADER = YES;
				CLANG_WARN_RANGE_LOOP_ANALYSIS = YES;
				CLANG_WARN_STRICT_PROTOTYPES = YES;
				CLANG_WARN_SUSPICIOUS_MOVE = YES;
				CLANG_WARN_UNGUARDED_AVAILABILITY = YES_AGGRESSIVE;
				CLANG_WARN_UNREACHABLE_CODE = YES;
				CLANG_WARN__DUPLICATE_METHOD_MATCH = YES;
				COPY_PHASE_STRIP = NO;
				DEBUG_INFORMATION_FORMAT = "dwarf-with-dsym";
				ENABLE_NS_ASSERTIONS = NO;
				ENABLE_STRICT_OBJC_MSGSEND = YES;
				GCC_C_LANGUAGE_STANDARD = gnu11;
				GCC_NO_COMMON_BLOCKS = YES;
				GCC_WARN_64_TO_32_BIT_CONVERSION = YES;
				GCC_WARN_ABOUT_RETURN_TYPE = YES_ERROR;
				GCC_WARN_UNDECLARED_SELECTOR = YES;
				GCC_WARN_UNINITIALIZED_AUTOS = YES_AGGRESSIVE;
				GCC_WARN_UNUSED_FUNCTION = YES;
				GCC_WARN_UNUSED_VARIABLE = YES;
				IPHONEOS_DEPLOYMENT_TARGET = 15.2;
				MTL_ENABLE_DEBUG_INFO = NO;
				MTL_FAST_MATH = YES;
				SDKROOT = iphoneos;
				SWIFT_COMPILATION_MODE = wholemodule;
				SWIFT_OPTIMIZATION_LEVEL = "-O";
				VALIDATE_PRODUCT = YES;
			};
			name = Release;
		};
		0DC405DF2804EC9F009F2F48 /* Debug */ = {
			isa = XCBuildConfiguration;
			buildSettings = {
				ASSETCATALOG_COMPILER_APPICON_NAME = AppIcon;
				ASSETCATALOG_COMPILER_GLOBAL_ACCENT_COLOR_NAME = AccentColor;
				CODE_SIGN_STYLE = Automatic;
				CURRENT_PROJECT_VERSION = 1;
				DEVELOPMENT_ASSET_PATHS = "\"Banking/Preview Content\"";
				DEVELOPMENT_TEAM = F7588756H3;
				ENABLE_PREVIEWS = YES;
				GENERATE_INFOPLIST_FILE = YES;
				INFOPLIST_KEY_UIApplicationSceneManifest_Generation = YES;
				INFOPLIST_KEY_UIApplicationSupportsIndirectInputEvents = YES;
				INFOPLIST_KEY_UILaunchScreen_Generation = YES;
				INFOPLIST_KEY_UISupportedInterfaceOrientations_iPad = "UIInterfaceOrientationPortrait UIInterfaceOrientationPortraitUpsideDown UIInterfaceOrientationLandscapeLeft UIInterfaceOrientationLandscapeRight";
				INFOPLIST_KEY_UISupportedInterfaceOrientations_iPhone = "UIInterfaceOrientationPortrait UIInterfaceOrientationLandscapeLeft UIInterfaceOrientationLandscapeRight";
				LD_RUNPATH_SEARCH_PATHS = (
					"$(inherited)",
					"@executable_path/Frameworks",
				);
				MARKETING_VERSION = 1.0;
				PRODUCT_BUNDLE_IDENTIFIER = woodside.kevni.Banking;
				PRODUCT_NAME = "$(TARGET_NAME)";
				SWIFT_EMIT_LOC_STRINGS = YES;
				SWIFT_VERSION = 5.0;
				TARGETED_DEVICE_FAMILY = "1,2";
			};
			name = Debug;
		};
		0DC405E02804EC9F009F2F48 /* Release */ = {
			isa = XCBuildConfiguration;
			buildSettings = {
				ASSETCATALOG_COMPILER_APPICON_NAME = AppIcon;
				ASSETCATALOG_COMPILER_GLOBAL_ACCENT_COLOR_NAME = AccentColor;
				CODE_SIGN_STYLE = Automatic;
				CURRENT_PROJECT_VERSION = 1;
				DEVELOPMENT_ASSET_PATHS = "\"Banking/Preview Content\"";
				DEVELOPMENT_TEAM = F7588756H3;
				ENABLE_PREVIEWS = YES;
				GENERATE_INFOPLIST_FILE = YES;
				INFOPLIST_KEY_UIApplicationSceneManifest_Generation = YES;
				INFOPLIST_KEY_UIApplicationSupportsIndirectInputEvents = YES;
				INFOPLIST_KEY_UILaunchScreen_Generation = YES;
				INFOPLIST_KEY_UISupportedInterfaceOrientations_iPad = "UIInterfaceOrientationPortrait UIInterfaceOrientationPortraitUpsideDown UIInterfaceOrientationLandscapeLeft UIInterfaceOrientationLandscapeRight";
				INFOPLIST_KEY_UISupportedInterfaceOrientations_iPhone = "UIInterfaceOrientationPortrait UIInterfaceOrientationLandscapeLeft UIInterfaceOrientationLandscapeRight";
				LD_RUNPATH_SEARCH_PATHS = (
					"$(inherited)",
					"@executable_path/Frameworks",
				);
				MARKETING_VERSION = 1.0;
				PRODUCT_BUNDLE_IDENTIFIER = woodside.kevni.Banking;
				PRODUCT_NAME = "$(TARGET_NAME)";
				SWIFT_EMIT_LOC_STRINGS = YES;
				SWIFT_VERSION = 5.0;
				TARGETED_DEVICE_FAMILY = "1,2";
			};
			name = Release;
		};
/* End XCBuildConfiguration section */

/* Begin XCConfigurationList section */
		0DC405CB2804EC9D009F2F48 /* Build configuration list for PBXProject "Banking" */ = {
			isa = XCConfigurationList;
			buildConfigurations = (
				0DC405DC2804EC9F009F2F48 /* Debug */,
				0DC405DD2804EC9F009F2F48 /* Release */,
			);
			defaultConfigurationIsVisible = 0;
			defaultConfigurationName = Release;
		};
		0DC405DE2804EC9F009F2F48 /* Build configuration list for PBXNativeTarget "Banking" */ = {
			isa = XCConfigurationList;
			buildConfigurations = (
				0DC405DF2804EC9F009F2F48 /* Debug */,
				0DC405E02804EC9F009F2F48 /* Release */,
			);
			defaultConfigurationIsVisible = 0;
			defaultConfigurationName = Release;
		};
/* End XCConfigurationList section */
	};
	rootObject = 0DC405C82804EC9D009F2F48 /* Project object */;
}
